
Microsoft Visual Studio Solution File, Format Version 12.00
# Visual Studio Version 17
VisualStudioVersion = 17.2.32602.215
MinimumVisualStudioVersion = 10.0.40219.1
Project("{9A19103F-16F7-4668-BE54-9A1E7A4F7556}") = "KebabMasterApp", "KebabMasterApp\KebabMasterApp.csproj", "{98F8686D-4066-4746-AC95-04EEC858A9BD}"
EndProject
Project("{9A19103F-16F7-4668-BE54-9A1E7A4F7556}") = "KebabInfrastructure", "KebabInfrastructure\KebabInfrastructure.csproj", "{0C9A426E-A41A-43AA-B039-CDBC8E41401C}"
EndProject
Project("{9A19103F-16F7-4668-BE54-9A1E7A4F7556}") = "KebabCore", "KebabCore\KebabCore.csproj", "{07897B95-CDDB-4B8E-B338-9B9204B70C84}"
EndProject
Project("{9A19103F-16F7-4668-BE54-9A1E7A4F7556}") = "KebabApplication", "KebabApplication\KebabApplication.csproj", "{69F398FD-1E81-4285-B4BC-C516CF098E5B}"
EndProject
Global
	GlobalSection(SolutionConfigurationPlatforms) = preSolution
		Debug|Any CPU = Debug|Any CPU
		Release|Any CPU = Release|Any CPU
	EndGlobalSection
	GlobalSection(ProjectConfigurationPlatforms) = postSolution
		{98F8686D-4066-4746-AC95-04EEC858A9BD}.Debug|Any CPU.ActiveCfg = Debug|Any CPU
		{98F8686D-4066-4746-AC95-04EEC858A9BD}.Debug|Any CPU.Build.0 = Debug|Any CPU
		{98F8686D-4066-4746-AC95-04EEC858A9BD}.Release|Any CPU.ActiveCfg = Release|Any CPU
		{98F8686D-4066-4746-AC95-04EEC858A9BD}.Release|Any CPU.Build.0 = Release|Any CPU
		{0C9A426E-A41A-43AA-B039-CDBC8E41401C}.Debug|Any CPU.ActiveCfg = Debug|Any CPU
		{0C9A426E-A41A-43AA-B039-CDBC8E41401C}.Debug|Any CPU.Build.0 = Debug|Any CPU
		{0C9A426E-A41A-43AA-B039-CDBC8E41401C}.Release|Any CPU.ActiveCfg = Release|Any CPU
		{0C9A426E-A41A-43AA-B039-CDBC8E41401C}.Release|Any CPU.Build.0 = Release|Any CPU
		{07897B95-CDDB-4B8E-B338-9B9204B70C84}.Debug|Any CPU.ActiveCfg = Debug|Any CPU
		{07897B95-CDDB-4B8E-B338-9B9204B70C84}.Debug|Any CPU.Build.0 = Debug|Any CPU
		{07897B95-CDDB-4B8E-B338-9B9204B70C84}.Release|Any CPU.ActiveCfg = Release|Any CPU
		{07897B95-CDDB-4B8E-B338-9B9204B70C84}.Release|Any CPU.Build.0 = Release|Any CPU
		{69F398FD-1E81-4285-B4BC-C516CF098E5B}.Debug|Any CPU.ActiveCfg = Debug|Any CPU
		{69F398FD-1E81-4285-B4BC-C516CF098E5B}.Debug|Any CPU.Build.0 = Debug|Any CPU
		{69F398FD-1E81-4285-B4BC-C516CF098E5B}.Release|Any CPU.ActiveCfg = Release|Any CPU
		{69F398FD-1E81-4285-B4BC-C516CF098E5B}.Release|Any CPU.Build.0 = Release|Any CPU
	EndGlobalSection
	GlobalSection(SolutionProperties) = preSolution
		HideSolutionNode = FALSE
	EndGlobalSection
	GlobalSection(ExtensibilityGlobals) = postSolution
		SolutionGuid = {4EA2F637-3A41-4123-B7E6-17DAB317296A}
	EndGlobalSection
EndGlobal
